
Microsoft Visual Studio Solution File, Format Version 12.00
# Visual Studio Version 17
VisualStudioVersion = 17.2.32630.192
MinimumVisualStudioVersion = 10.0.40219.1
Project("{FAE04EC0-301F-11D3-BF4B-00C04F79EFBC}") = "DimensionalSourceEngine", "DimensionalSourceEngine\DimensionalSourceEngine.csproj", "{70D75C70-CB01-4E45-A396-FA5F14A7D569}"
EndProject
Global
	GlobalSection(SolutionConfigurationPlatforms) = preSolution
		Debug|Any CPU = Debug|Any CPU
		Release|Any CPU = Release|Any CPU
	EndGlobalSection
	GlobalSection(ProjectConfigurationPlatforms) = postSolution
		{70D75C70-CB01-4E45-A396-FA5F14A7D569}.Debug|Any CPU.ActiveCfg = Debug|Any CPU
		{70D75C70-CB01-4E45-A396-FA5F14A7D569}.Debug|Any CPU.Build.0 = Debug|Any CPU
		{70D75C70-CB01-4E45-A396-FA5F14A7D569}.Release|Any CPU.ActiveCfg = Release|Any CPU
		{70D75C70-CB01-4E45-A396-FA5F14A7D569}.Release|Any CPU.Build.0 = Release|Any CPU
	EndGlobalSection
	GlobalSection(SolutionProperties) = preSolution
		HideSolutionNode = FALSE
	EndGlobalSection
	GlobalSection(ExtensibilityGlobals) = postSolution
		SolutionGuid = {1D2123A4-FA54-418C-9BFF-874FB1FDC0DA}
	EndGlobalSection
EndGlobal
